{
  "name": "server",
  "lockfileVersion": 2,
  "requires": true,
  "packages": {
    "": {
      "dependencies": {
        "@trpc/server": "^9.23.6"
      },
      "devDependencies": {
        "@types/node": "^16.11.36",
        "typescript": "^4.7.2"
      }
    },
    "node_modules/@trpc/server": {
      "version": "9.23.6",
      "resolved": "https://registry.npmjs.org/@trpc/server/-/server-9.23.6.tgz",
      "integrity": "sha512-xdoHjv0Km6kr7fBpu91rN3wURWGazUA7+dRquWywWLUDH3EiERg6n0Lkz/YgxH7n+liu6UkRs1Npjt6oo01+xA=="
    },
    "node_modules/@types/node": {
      "version": "16.11.36",
      "resolved": "https://registry.npmjs.org/@types/node/-/node-16.11.36.tgz",
      "integrity": "sha512-FR5QJe+TaoZ2GsMHkjuwoNabr+UrJNRr2HNOo+r/7vhcuntM6Ee/pRPOnRhhL2XE9OOvX9VLEq+BcXl3VjNoWA==",
      "dev": true
    },
    "node_modules/typescript": {
      "version": "4.7.2",
      "resolved": "https://registry.npmjs.org/typescript/-/typescript-4.7.2.tgz",
      "integrity": "sha512-Mamb1iX2FDUpcTRzltPxgWMKy3fhg0TN378ylbktPGPK/99KbDtMQ4W1hwgsbPAsG3a0xKa1vmw4VKZQbkvz5A==",
      "dev": true,
      "bin": {
        "tsc": "bin/tsc",
        "tsserver": "bin/tsserver"
      },
      "engines": {
        "node": ">=4.2.0"
      }
    }
  },
  "dependencies": {
    "@trpc/server": {
      "version": "9.23.6",
      "resolved": "https://registry.npmjs.org/@trpc/server/-/server-9.23.6.tgz",
      "integrity": "sha512-xdoHjv0Km6kr7fBpu91rN3wURWGazUA7+dRquWywWLUDH3EiERg6n0Lkz/YgxH7n+liu6UkRs1Npjt6oo01+xA=="
    },
    "@types/node": {
      "version": "16.11.36",
      "resolved": "https://registry.npmjs.org/@types/node/-/node-16.11.36.tgz",
      "integrity": "sha512-FR5QJe+TaoZ2GsMHkjuwoNabr+UrJNRr2HNOo+r/7vhcuntM6Ee/pRPOnRhhL2XE9OOvX9VLEq+BcXl3VjNoWA==",
      "dev": true
    },
    "typescript": {
      "version": "4.7.2",
      "resolved": "https://registry.npmjs.org/typescript/-/typescript-4.7.2.tgz",
      "integrity": "sha512-Mamb1iX2FDUpcTRzltPxgWMKy3fhg0TN378ylbktPGPK/99KbDtMQ4W1hwgsbPAsG3a0xKa1vmw4VKZQbkvz5A==",
      "dev": true
    }
  }
}
